
Microsoft Visual Studio Solution File, Format Version 12.00
# Visual Studio Version 17
VisualStudioVersion = 17.5.33502.453
MinimumVisualStudioVersion = 10.0.40219.1
Project("{FAE04EC0-301F-11D3-BF4B-00C04F79EFBC}") = "OOAD-G6-najjaci_tim", "OOAD-G6-najjaci_tim.csproj", "{6B723B50-B9D5-410D-A5FE-9CC68800CC85}"
EndProject
Global
	GlobalSection(SolutionConfigurationPlatforms) = preSolution
		Debug|Any CPU = Debug|Any CPU
		Release|Any CPU = Release|Any CPU
	EndGlobalSection
	GlobalSection(ProjectConfigurationPlatforms) = postSolution
		{6B723B50-B9D5-410D-A5FE-9CC68800CC85}.Debug|Any CPU.ActiveCfg = Debug|Any CPU
		{6B723B50-B9D5-410D-A5FE-9CC68800CC85}.Debug|Any CPU.Build.0 = Debug|Any CPU
		{6B723B50-B9D5-410D-A5FE-9CC68800CC85}.Release|Any CPU.ActiveCfg = Release|Any CPU
		{6B723B50-B9D5-410D-A5FE-9CC68800CC85}.Release|Any CPU.Build.0 = Release|Any CPU
	EndGlobalSection
	GlobalSection(SolutionProperties) = preSolution
		HideSolutionNode = FALSE
	EndGlobalSection
	GlobalSection(ExtensibilityGlobals) = postSolution
		SolutionGuid = {BA95D557-0279-487A-A91F-F96BA8263898}
	EndGlobalSection
EndGlobal
